{
  "name": "sshifu-monorepo",
  "version": "0.0.0-dev",
  "lockfileVersion": 3,
  "requires": true,
  "packages": {
    "": {
      "name": "sshifu-monorepo",
      "version": "0.0.0-dev",
      "workspaces": [
        "packages/*"
      ]
    },
    "node_modules/sshifu": {
      "resolved": "packages/sshifu",
      "link": true
    },
    "node_modules/sshifu-server": {
      "resolved": "packages/sshifu-server",
      "link": true
    },
    "node_modules/sshifu-trust": {
      "resolved": "packages/sshifu-trust",
      "link": true
    },
    "packages/sshifu": {
      "version": "0.0.0-dev",
      "cpu": [
        "x64",
        "arm64",
        "arm"
      ],
      "hasInstallScript": true,
      "license": "MIT",
      "os": [
        "linux",
        "darwin",
        "win32"
      ],
      "bin": {
        "sshifu": "bin/sshifu.js"
      },
      "engines": {
        "node": ">=14.0.0"
      }
    },
    "packages/sshifu-server": {
      "version": "0.0.0-dev",
      "cpu": [
        "x64",
        "arm64",
        "arm"
      ],
      "hasInstallScript": true,
      "license": "MIT",
      "os": [
        "linux",
        "darwin",
        "win32"
      ],
      "bin": {
        "sshifu-server": "bin/sshifu-server.js"
      },
      "engines": {
        "node": ">=14.0.0"
      }
    },
    "packages/sshifu-trust": {
      "version": "0.0.0-dev",
      "cpu": [
        "x64",
        "arm64",
        "arm"
      ],
      "hasInstallScript": true,
      "license": "MIT",
      "os": [
        "linux",
        "darwin",
        "win32"
      ],
      "bin": {
        "sshifu-trust": "bin/sshifu-trust.js"
      },
      "engines": {
        "node": ">=14.0.0"
      }
    }
  }
}
